// !$*UTF8*$!
{
	archiveVersion = 1;
	classes = {
	};
	objectVersion = 51;
	objects = {

/* Begin PBXBuildFile section */
		47237A99FF7204BACF888AA3 /* Pods_Meals_Drinks.framework in Frameworks */ = {isa = PBXBuildFile; fileRef = 37C3F105655383E9F436C7B9 /* Pods_Meals_Drinks.framework */; };
		84001CA726D41FCE0053DB20 /* MealsInCategoryDetailViewModel.swift in Sources */ = {isa = PBXBuildFile; fileRef = 84001CA626D41FCE0053DB20 /* MealsInCategoryDetailViewModel.swift */; };
		8420B9FD26C98A5400ABE4F2 /* MealsInCategory.swift in Sources */ = {isa = PBXBuildFile; fileRef = 8420B9FB26C98A5400ABE4F2 /* MealsInCategory.swift */; };
		8420B9FE26C98A5400ABE4F2 /* OpenMealCategory.swift in Sources */ = {isa = PBXBuildFile; fileRef = 8420B9FC26C98A5400ABE4F2 /* OpenMealCategory.swift */; };
		8420BA0026C98DAE00ABE4F2 /* MealDetailViewController.swift in Sources */ = {isa = PBXBuildFile; fileRef = 8420B9FF26C98DAE00ABE4F2 /* MealDetailViewController.swift */; };
		8420BA0326CA3E9E00ABE4F2 /* DetailMealInformation.swift in Sources */ = {isa = PBXBuildFile; fileRef = 8420BA0126CA3E9D00ABE4F2 /* DetailMealInformation.swift */; };
		8420BA0426CA3E9E00ABE4F2 /* Meal.swift in Sources */ = {isa = PBXBuildFile; fileRef = 8420BA0226CA3E9E00ABE4F2 /* Meal.swift */; };
		8439B7BF26CB8AB600C1AE85 /* MealsNetworkManager.swift in Sources */ = {isa = PBXBuildFile; fileRef = 8439B7BE26CB8AB600C1AE85 /* MealsNetworkManager.swift */; };
		8439CFC626C1B1D100BB2105 /* AppDelegate.swift in Sources */ = {isa = PBXBuildFile; fileRef = 8439CFC526C1B1D100BB2105 /* AppDelegate.swift */; };
		8439CFC826C1B1D100BB2105 /* SceneDelegate.swift in Sources */ = {isa = PBXBuildFile; fileRef = 8439CFC726C1B1D100BB2105 /* SceneDelegate.swift */; };
		8439CFCA26C1B1D100BB2105 /* MealViewController.swift in Sources */ = {isa = PBXBuildFile; fileRef = 8439CFC926C1B1D100BB2105 /* MealViewController.swift */; };
		8439CFCD26C1B1D100BB2105 /* Main.storyboard in Resources */ = {isa = PBXBuildFile; fileRef = 8439CFCB26C1B1D100BB2105 /* Main.storyboard */; };
		8439CFCF26C1B1D200BB2105 /* Assets.xcassets in Resources */ = {isa = PBXBuildFile; fileRef = 8439CFCE26C1B1D200BB2105 /* Assets.xcassets */; };
		8439CFE026C1B36900BB2105 /* RandomMeals.swift in Sources */ = {isa = PBXBuildFile; fileRef = 8439CFDE26C1B36900BB2105 /* RandomMeals.swift */; };
		8439CFE126C1B36900BB2105 /* MealInformation.swift in Sources */ = {isa = PBXBuildFile; fileRef = 8439CFDF26C1B36900BB2105 /* MealInformation.swift */; };
		8439D87226C6E530000A56B6 /* MealsInCategoryDetailViewController.swift in Sources */ = {isa = PBXBuildFile; fileRef = 8439D87126C6E530000A56B6 /* MealsInCategoryDetailViewController.swift */; };
		843E630C26CBAAF700C74D11 /* Constants.swift in Sources */ = {isa = PBXBuildFile; fileRef = 843E630B26CBAAF700C74D11 /* Constants.swift */; };
		845560AC26C2FDBC009CEE0F /* RandomMealDetailViewController.swift in Sources */ = {isa = PBXBuildFile; fileRef = 845560AB26C2FDBC009CEE0F /* RandomMealDetailViewController.swift */; };
		845560AE26C313B3009CEE0F /* Podfile in Resources */ = {isa = PBXBuildFile; fileRef = 845560AD26C313B3009CEE0F /* Podfile */; };
		845948B326CAA6430097BF81 /* MealsRealm.swift in Sources */ = {isa = PBXBuildFile; fileRef = 845948B226CAA6430097BF81 /* MealsRealm.swift */; };
		845948B626CAB29A0097BF81 /* CookMealLaterViewController.swift in Sources */ = {isa = PBXBuildFile; fileRef = 845948B526CAB29A0097BF81 /* CookMealLaterViewController.swift */; };
		845948B826CAC1DF0097BF81 /* Launch Screen.storyboard in Resources */ = {isa = PBXBuildFile; fileRef = 845948B726CAC1DF0097BF81 /* Launch Screen.storyboard */; };
		845A047E26CCEEA000B38B5E /* RandomDrinkDetailViewController.swift in Sources */ = {isa = PBXBuildFile; fileRef = 845A047D26CCEEA000B38B5E /* RandomDrinkDetailViewController.swift */; };
		845A048026CCF42B00B38B5E /* DrinksRealm.swift in Sources */ = {isa = PBXBuildFile; fileRef = 845A047F26CCF42B00B38B5E /* DrinksRealm.swift */; };
		845BA5FB26D2118B0018C44A /* DetailDrinkInformation.swift in Sources */ = {isa = PBXBuildFile; fileRef = 845BA5F926D2118B0018C44A /* DetailDrinkInformation.swift */; };
		845BA5FC26D2118B0018C44A /* Drink.swift in Sources */ = {isa = PBXBuildFile; fileRef = 845BA5FA26D2118B0018C44A /* Drink.swift */; };
		847065A726CFCAE9000E0D56 /* CookLaterDetailDrinkViewController.swift in Sources */ = {isa = PBXBuildFile; fileRef = 847065A626CFCAE9000E0D56 /* CookLaterDetailDrinkViewController.swift */; };
		847D71BC26CE9D69005514D5 /* DrinksInCategoryResult.swift in Sources */ = {isa = PBXBuildFile; fileRef = 847D71BA26CE9D69005514D5 /* DrinksInCategoryResult.swift */; };
		847D71BD26CE9D69005514D5 /* DrinksInCategory.swift in Sources */ = {isa = PBXBuildFile; fileRef = 847D71BB26CE9D69005514D5 /* DrinksInCategory.swift */; };
		84916E7726D12155004BA3BB /* DrinkDetailViewController.swift in Sources */ = {isa = PBXBuildFile; fileRef = 84916E7626D12155004BA3BB /* DrinkDetailViewController.swift */; };
		849B1F6826CF980500C7A8FE /* CoockLaterDetailMealViewController.swift in Sources */ = {isa = PBXBuildFile; fileRef = 849B1F6726CF980500C7A8FE /* CoockLaterDetailMealViewController.swift */; };
		849C359526C1C11D00665B60 /* CategoriesMealCollectionViewCell.swift in Sources */ = {isa = PBXBuildFile; fileRef = 849C359326C1C11D00665B60 /* CategoriesMealCollectionViewCell.swift */; };
		849C359626C1C11D00665B60 /* CategoriesMealCollectionViewCell.xib in Resources */ = {isa = PBXBuildFile; fileRef = 849C359426C1C11D00665B60 /* CategoriesMealCollectionViewCell.xib */; };
		849C359926C1C43800665B60 /* MealCategory.swift in Sources */ = {isa = PBXBuildFile; fileRef = 849C359726C1C43700665B60 /* MealCategory.swift */; };
		849C359A26C1C43800665B60 /* MealsCategory.swift in Sources */ = {isa = PBXBuildFile; fileRef = 849C359826C1C43800665B60 /* MealsCategory.swift */; };
		84A62E9726D2DABA00816292 /* MealsDataManager.swift in Sources */ = {isa = PBXBuildFile; fileRef = 84A62E9626D2DABA00816292 /* MealsDataManager.swift */; };
		84AF47DD26D42B0B002B0776 /* MealDetailViewModel.swift in Sources */ = {isa = PBXBuildFile; fileRef = 84AF47DC26D42B0B002B0776 /* MealDetailViewModel.swift */; };
		84BAD42626D2E04C006418AE /* MealViewModel.swift in Sources */ = {isa = PBXBuildFile; fileRef = 84BAD42526D2E04C006418AE /* MealViewModel.swift */; };
		84BAD43026D401C1006418AE /* RandomMealDetailViewModel.swift in Sources */ = {isa = PBXBuildFile; fileRef = 84BAD42F26D401C1006418AE /* RandomMealDetailViewModel.swift */; };
		84C5BE2E26CE9206006B4D91 /* DrinksCategoryDetailViewController.swift in Sources */ = {isa = PBXBuildFile; fileRef = 84C5BE2D26CE9206006B4D91 /* DrinksCategoryDetailViewController.swift */; };
		84CA469826CC513E004A12B4 /* DrinksNetworkManager.swift in Sources */ = {isa = PBXBuildFile; fileRef = 84CA469726CC513E004A12B4 /* DrinksNetworkManager.swift */; };
		84CA469D26CC52A7004A12B4 /* DrinksViewController.swift in Sources */ = {isa = PBXBuildFile; fileRef = 84CA469C26CC52A7004A12B4 /* DrinksViewController.swift */; };
		84CA46A126CC5992004A12B4 /* RandomDrinks.swift in Sources */ = {isa = PBXBuildFile; fileRef = 84CA469F26CC5992004A12B4 /* RandomDrinks.swift */; };
		84CA46A226CC5992004A12B4 /* RandomDrinksResult.swift in Sources */ = {isa = PBXBuildFile; fileRef = 84CA46A026CC5992004A12B4 /* RandomDrinksResult.swift */; };
		84CA46A526CC5C7A004A12B4 /* CategoryDrinksCollectionViewCell.swift in Sources */ = {isa = PBXBuildFile; fileRef = 84CA46A326CC5C7A004A12B4 /* CategoryDrinksCollectionViewCell.swift */; };
		84CA46A626CC5C7A004A12B4 /* CategoryDrinksCollectionViewCell.xib in Resources */ = {isa = PBXBuildFile; fileRef = 84CA46A426CC5C7A004A12B4 /* CategoryDrinksCollectionViewCell.xib */; };
		84CA46A926CC626E004A12B4 /* DrinksCategory.swift in Sources */ = {isa = PBXBuildFile; fileRef = 84CA46A726CC626E004A12B4 /* DrinksCategory.swift */; };
		84CA46AA26CC626E004A12B4 /* DrinksCategoryResult.swift in Sources */ = {isa = PBXBuildFile; fileRef = 84CA46A826CC626E004A12B4 /* DrinksCategoryResult.swift */; };
		84CEE3D826D6D3190099EA78 /* DrinksViewModel.swift in Sources */ = {isa = PBXBuildFile; fileRef = 84CEE3D726D6D3190099EA78 /* DrinksViewModel.swift */; };
		84CEE3DA26D6D42B0099EA78 /* DrinksDataManager.swift in Sources */ = {isa = PBXBuildFile; fileRef = 84CEE3D926D6D42B0099EA78 /* DrinksDataManager.swift */; };
		84E01B5C26D6D85B008CDA0B /* RandomDrinkDetailViewModel.swift in Sources */ = {isa = PBXBuildFile; fileRef = 84E01B5B26D6D85B008CDA0B /* RandomDrinkDetailViewModel.swift */; };
		84E01B6326D6DD27008CDA0B /* DrinksCategoryDetailViewModel.swift in Sources */ = {isa = PBXBuildFile; fileRef = 84E01B6226D6DD27008CDA0B /* DrinksCategoryDetailViewModel.swift */; };
		84E01B6A26D6E2E3008CDA0B /* DrinkDetailViewModel.swift in Sources */ = {isa = PBXBuildFile; fileRef = 84E01B6926D6E2E3008CDA0B /* DrinkDetailViewModel.swift */; };
		84E01B8426D82C84008CDA0B /* CookMealLaterViewModel.swift in Sources */ = {isa = PBXBuildFile; fileRef = 84E01B8326D82C84008CDA0B /* CookMealLaterViewModel.swift */; };
		84E01B8A26D82EEE008CDA0B /* CoockLaterDetailMealViewModel.swift in Sources */ = {isa = PBXBuildFile; fileRef = 84E01B8926D82EEE008CDA0B /* CoockLaterDetailMealViewModel.swift */; };
		84E01B9026D833CB008CDA0B /* CookDrinkLaterViewModel.swift in Sources */ = {isa = PBXBuildFile; fileRef = 84E01B8F26D833CB008CDA0B /* CookDrinkLaterViewModel.swift */; };
		84E01B9626D83887008CDA0B /* CookLaterDetailDrinkViewModel.swift in Sources */ = {isa = PBXBuildFile; fileRef = 84E01B9526D83887008CDA0B /* CookLaterDetailDrinkViewModel.swift */; };
		84F614DB26CD2F2B00BACDDD /* CookDrinkLaterViewController.swift in Sources */ = {isa = PBXBuildFile; fileRef = 84F614DA26CD2F2B00BACDDD /* CookDrinkLaterViewController.swift */; };
/* End PBXBuildFile section */

/* Begin PBXFileReference section */
		0FD74363D978B51D03C1A4D4 /* Pods-Meals-Drinks.release.xcconfig */ = {isa = PBXFileReference; includeInIndex = 1; lastKnownFileType = text.xcconfig; name = "Pods-Meals-Drinks.release.xcconfig"; path = "Target Support Files/Pods-Meals-Drinks/Pods-Meals-Drinks.release.xcconfig"; sourceTree = "<group>"; };
		20038E06147E63E9847D5647 /* Pods-Meals-Drinks.debug.xcconfig */ = {isa = PBXFileReference; includeInIndex = 1; lastKnownFileType = text.xcconfig; name = "Pods-Meals-Drinks.debug.xcconfig"; path = "Target Support Files/Pods-Meals-Drinks/Pods-Meals-Drinks.debug.xcconfig"; sourceTree = "<group>"; };
		37C3F105655383E9F436C7B9 /* Pods_Meals_Drinks.framework */ = {isa = PBXFileReference; explicitFileType = wrapper.framework; includeInIndex = 0; path = Pods_Meals_Drinks.framework; sourceTree = BUILT_PRODUCTS_DIR; };
		84001CA626D41FCE0053DB20 /* MealsInCategoryDetailViewModel.swift */ = {isa = PBXFileReference; lastKnownFileType = sourcecode.swift; path = MealsInCategoryDetailViewModel.swift; sourceTree = "<group>"; };
		8420B9FB26C98A5400ABE4F2 /* MealsInCategory.swift */ = {isa = PBXFileReference; fileEncoding = 4; lastKnownFileType = sourcecode.swift; path = MealsInCategory.swift; sourceTree = "<group>"; };
		8420B9FC26C98A5400ABE4F2 /* OpenMealCategory.swift */ = {isa = PBXFileReference; fileEncoding = 4; lastKnownFileType = sourcecode.swift; path = OpenMealCategory.swift; sourceTree = "<group>"; };
		8420B9FF26C98DAE00ABE4F2 /* MealDetailViewController.swift */ = {isa = PBXFileReference; lastKnownFileType = sourcecode.swift; path = MealDetailViewController.swift; sourceTree = "<group>"; };
		8420BA0126CA3E9D00ABE4F2 /* DetailMealInformation.swift */ = {isa = PBXFileReference; fileEncoding = 4; lastKnownFileType = sourcecode.swift; path = DetailMealInformation.swift; sourceTree = "<group>"; };
		8420BA0226CA3E9E00ABE4F2 /* Meal.swift */ = {isa = PBXFileReference; fileEncoding = 4; lastKnownFileType = sourcecode.swift; path = Meal.swift; sourceTree = "<group>"; };
		8439B7BE26CB8AB600C1AE85 /* MealsNetworkManager.swift */ = {isa = PBXFileReference; lastKnownFileType = sourcecode.swift; path = MealsNetworkManager.swift; sourceTree = "<group>"; };
		8439CFC226C1B1D100BB2105 /* Meals-Drinks.app */ = {isa = PBXFileReference; explicitFileType = wrapper.application; includeInIndex = 0; path = "Meals-Drinks.app"; sourceTree = BUILT_PRODUCTS_DIR; };
		8439CFC526C1B1D100BB2105 /* AppDelegate.swift */ = {isa = PBXFileReference; lastKnownFileType = sourcecode.swift; path = AppDelegate.swift; sourceTree = "<group>"; };
		8439CFC726C1B1D100BB2105 /* SceneDelegate.swift */ = {isa = PBXFileReference; lastKnownFileType = sourcecode.swift; path = SceneDelegate.swift; sourceTree = "<group>"; };
		8439CFC926C1B1D100BB2105 /* MealViewController.swift */ = {isa = PBXFileReference; lastKnownFileType = sourcecode.swift; path = MealViewController.swift; sourceTree = "<group>"; };
		8439CFCC26C1B1D100BB2105 /* Base */ = {isa = PBXFileReference; lastKnownFileType = file.storyboard; name = Base; path = Base.lproj/Main.storyboard; sourceTree = "<group>"; };
		8439CFCE26C1B1D200BB2105 /* Assets.xcassets */ = {isa = PBXFileReference; lastKnownFileType = folder.assetcatalog; path = Assets.xcassets; sourceTree = "<group>"; };
		8439CFD326C1B1D200BB2105 /* Info.plist */ = {isa = PBXFileReference; lastKnownFileType = text.plist.xml; path = Info.plist; sourceTree = "<group>"; };
		8439CFDE26C1B36900BB2105 /* RandomMeals.swift */ = {isa = PBXFileReference; fileEncoding = 4; lastKnownFileType = sourcecode.swift; path = RandomMeals.swift; sourceTree = "<group>"; };
		8439CFDF26C1B36900BB2105 /* MealInformation.swift */ = {isa = PBXFileReference; fileEncoding = 4; lastKnownFileType = sourcecode.swift; path = MealInformation.swift; sourceTree = "<group>"; };
		8439D87126C6E530000A56B6 /* MealsInCategoryDetailViewController.swift */ = {isa = PBXFileReference; lastKnownFileType = sourcecode.swift; path = MealsInCategoryDetailViewController.swift; sourceTree = "<group>"; };
		843E630B26CBAAF700C74D11 /* Constants.swift */ = {isa = PBXFileReference; lastKnownFileType = sourcecode.swift; path = Constants.swift; sourceTree = "<group>"; };
		845560AB26C2FDBC009CEE0F /* RandomMealDetailViewController.swift */ = {isa = PBXFileReference; lastKnownFileType = sourcecode.swift; path = RandomMealDetailViewController.swift; sourceTree = "<group>"; };
		845560AD26C313B3009CEE0F /* Podfile */ = {isa = PBXFileReference; fileEncoding = 4; lastKnownFileType = text; path = Podfile; sourceTree = "<group>"; xcLanguageSpecificationIdentifier = xcode.lang.ruby; };
		845948B226CAA6430097BF81 /* MealsRealm.swift */ = {isa = PBXFileReference; lastKnownFileType = sourcecode.swift; path = MealsRealm.swift; sourceTree = "<group>"; };
		845948B526CAB29A0097BF81 /* CookMealLaterViewController.swift */ = {isa = PBXFileReference; lastKnownFileType = sourcecode.swift; path = CookMealLaterViewController.swift; sourceTree = "<group>"; };
		845948B726CAC1DF0097BF81 /* Launch Screen.storyboard */ = {isa = PBXFileReference; lastKnownFileType = file.storyboard; path = "Launch Screen.storyboard"; sourceTree = "<group>"; };
		845A047D26CCEEA000B38B5E /* RandomDrinkDetailViewController.swift */ = {isa = PBXFileReference; lastKnownFileType = sourcecode.swift; path = RandomDrinkDetailViewController.swift; sourceTree = "<group>"; };
		845A047F26CCF42B00B38B5E /* DrinksRealm.swift */ = {isa = PBXFileReference; lastKnownFileType = sourcecode.swift; path = DrinksRealm.swift; sourceTree = "<group>"; };
		845BA5F926D2118B0018C44A /* DetailDrinkInformation.swift */ = {isa = PBXFileReference; fileEncoding = 4; lastKnownFileType = sourcecode.swift; path = DetailDrinkInformation.swift; sourceTree = "<group>"; };
		845BA5FA26D2118B0018C44A /* Drink.swift */ = {isa = PBXFileReference; fileEncoding = 4; lastKnownFileType = sourcecode.swift; path = Drink.swift; sourceTree = "<group>"; };
		847065A626CFCAE9000E0D56 /* CookLaterDetailDrinkViewController.swift */ = {isa = PBXFileReference; lastKnownFileType = sourcecode.swift; path = CookLaterDetailDrinkViewController.swift; sourceTree = "<group>"; };
		847D71BA26CE9D69005514D5 /* DrinksInCategoryResult.swift */ = {isa = PBXFileReference; fileEncoding = 4; lastKnownFileType = sourcecode.swift; path = DrinksInCategoryResult.swift; sourceTree = "<group>"; };
		847D71BB26CE9D69005514D5 /* DrinksInCategory.swift */ = {isa = PBXFileReference; fileEncoding = 4; lastKnownFileType = sourcecode.swift; path = DrinksInCategory.swift; sourceTree = "<group>"; };
		84916E7626D12155004BA3BB /* DrinkDetailViewController.swift */ = {isa = PBXFileReference; lastKnownFileType = sourcecode.swift; path = DrinkDetailViewController.swift; sourceTree = "<group>"; };
		849B1F6726CF980500C7A8FE /* CoockLaterDetailMealViewController.swift */ = {isa = PBXFileReference; lastKnownFileType = sourcecode.swift; path = CoockLaterDetailMealViewController.swift; sourceTree = "<group>"; };
		849C359326C1C11D00665B60 /* CategoriesMealCollectionViewCell.swift */ = {isa = PBXFileReference; lastKnownFileType = sourcecode.swift; path = CategoriesMealCollectionViewCell.swift; sourceTree = "<group>"; };
		849C359426C1C11D00665B60 /* CategoriesMealCollectionViewCell.xib */ = {isa = PBXFileReference; lastKnownFileType = file.xib; path = CategoriesMealCollectionViewCell.xib; sourceTree = "<group>"; };
		849C359726C1C43700665B60 /* MealCategory.swift */ = {isa = PBXFileReference; fileEncoding = 4; lastKnownFileType = sourcecode.swift; path = MealCategory.swift; sourceTree = "<group>"; };
		849C359826C1C43800665B60 /* MealsCategory.swift */ = {isa = PBXFileReference; fileEncoding = 4; lastKnownFileType = sourcecode.swift; path = MealsCategory.swift; sourceTree = "<group>"; };
		84A62E9626D2DABA00816292 /* MealsDataManager.swift */ = {isa = PBXFileReference; lastKnownFileType = sourcecode.swift; path = MealsDataManager.swift; sourceTree = "<group>"; };
		84AF47DC26D42B0B002B0776 /* MealDetailViewModel.swift */ = {isa = PBXFileReference; lastKnownFileType = sourcecode.swift; path = MealDetailViewModel.swift; sourceTree = "<group>"; };
		84BAD42526D2E04C006418AE /* MealViewModel.swift */ = {isa = PBXFileReference; lastKnownFileType = sourcecode.swift; path = MealViewModel.swift; sourceTree = "<group>"; };
		84BAD42F26D401C1006418AE /* RandomMealDetailViewModel.swift */ = {isa = PBXFileReference; lastKnownFileType = sourcecode.swift; path = RandomMealDetailViewModel.swift; sourceTree = "<group>"; };
		84C5BE2D26CE9206006B4D91 /* DrinksCategoryDetailViewController.swift */ = {isa = PBXFileReference; lastKnownFileType = sourcecode.swift; path = DrinksCategoryDetailViewController.swift; sourceTree = "<group>"; };
		84CA469726CC513E004A12B4 /* DrinksNetworkManager.swift */ = {isa = PBXFileReference; lastKnownFileType = sourcecode.swift; path = DrinksNetworkManager.swift; sourceTree = "<group>"; };
		84CA469C26CC52A7004A12B4 /* DrinksViewController.swift */ = {isa = PBXFileReference; lastKnownFileType = sourcecode.swift; path = DrinksViewController.swift; sourceTree = "<group>"; };
		84CA469F26CC5992004A12B4 /* RandomDrinks.swift */ = {isa = PBXFileReference; fileEncoding = 4; lastKnownFileType = sourcecode.swift; path = RandomDrinks.swift; sourceTree = "<group>"; };
		84CA46A026CC5992004A12B4 /* RandomDrinksResult.swift */ = {isa = PBXFileReference; fileEncoding = 4; lastKnownFileType = sourcecode.swift; path = RandomDrinksResult.swift; sourceTree = "<group>"; };
		84CA46A326CC5C7A004A12B4 /* CategoryDrinksCollectionViewCell.swift */ = {isa = PBXFileReference; lastKnownFileType = sourcecode.swift; path = CategoryDrinksCollectionViewCell.swift; sourceTree = "<group>"; };
		84CA46A426CC5C7A004A12B4 /* CategoryDrinksCollectionViewCell.xib */ = {isa = PBXFileReference; lastKnownFileType = file.xib; path = CategoryDrinksCollectionViewCell.xib; sourceTree = "<group>"; };
		84CA46A726CC626E004A12B4 /* DrinksCategory.swift */ = {isa = PBXFileReference; fileEncoding = 4; lastKnownFileType = sourcecode.swift; path = DrinksCategory.swift; sourceTree = "<group>"; };
		84CA46A826CC626E004A12B4 /* DrinksCategoryResult.swift */ = {isa = PBXFileReference; fileEncoding = 4; lastKnownFileType = sourcecode.swift; path = DrinksCategoryResult.swift; sourceTree = "<group>"; };
		84CEE3D726D6D3190099EA78 /* DrinksViewModel.swift */ = {isa = PBXFileReference; lastKnownFileType = sourcecode.swift; path = DrinksViewModel.swift; sourceTree = "<group>"; };
		84CEE3D926D6D42B0099EA78 /* DrinksDataManager.swift */ = {isa = PBXFileReference; lastKnownFileType = sourcecode.swift; path = DrinksDataManager.swift; sourceTree = "<group>"; };
		84E01B5B26D6D85B008CDA0B /* RandomDrinkDetailViewModel.swift */ = {isa = PBXFileReference; lastKnownFileType = sourcecode.swift; path = RandomDrinkDetailViewModel.swift; sourceTree = "<group>"; };
		84E01B6226D6DD27008CDA0B /* DrinksCategoryDetailViewModel.swift */ = {isa = PBXFileReference; lastKnownFileType = sourcecode.swift; path = DrinksCategoryDetailViewModel.swift; sourceTree = "<group>"; };
		84E01B6926D6E2E3008CDA0B /* DrinkDetailViewModel.swift */ = {isa = PBXFileReference; lastKnownFileType = sourcecode.swift; path = DrinkDetailViewModel.swift; sourceTree = "<group>"; };
		84E01B8326D82C84008CDA0B /* CookMealLaterViewModel.swift */ = {isa = PBXFileReference; lastKnownFileType = sourcecode.swift; name = CookMealLaterViewModel.swift; path = ../../../../../../Documents/CookMealLaterViewModel.swift; sourceTree = "<group>"; };
		84E01B8926D82EEE008CDA0B /* CoockLaterDetailMealViewModel.swift */ = {isa = PBXFileReference; lastKnownFileType = sourcecode.swift; path = CoockLaterDetailMealViewModel.swift; sourceTree = "<group>"; };
		84E01B8F26D833CB008CDA0B /* CookDrinkLaterViewModel.swift */ = {isa = PBXFileReference; lastKnownFileType = sourcecode.swift; path = CookDrinkLaterViewModel.swift; sourceTree = "<group>"; };
		84E01B9526D83887008CDA0B /* CookLaterDetailDrinkViewModel.swift */ = {isa = PBXFileReference; lastKnownFileType = sourcecode.swift; path = CookLaterDetailDrinkViewModel.swift; sourceTree = "<group>"; };
		84F614DA26CD2F2B00BACDDD /* CookDrinkLaterViewController.swift */ = {isa = PBXFileReference; lastKnownFileType = sourcecode.swift; path = CookDrinkLaterViewController.swift; sourceTree = "<group>"; };
/* End PBXFileReference section */

/* Begin PBXFrameworksBuildPhase section */
		8439CFBF26C1B1D100BB2105 /* Frameworks */ = {
			isa = PBXFrameworksBuildPhase;
			buildActionMask = 2147483647;
			files = (
				47237A99FF7204BACF888AA3 /* Pods_Meals_Drinks.framework in Frameworks */,
			);
			runOnlyForDeploymentPostprocessing = 0;
		};
/* End PBXFrameworksBuildPhase section */

/* Begin PBXGroup section */
		3D5A77BDFCC87FFB3D8092A7 /* Pods */ = {
			isa = PBXGroup;
			children = (
				20038E06147E63E9847D5647 /* Pods-Meals-Drinks.debug.xcconfig */,
				0FD74363D978B51D03C1A4D4 /* Pods-Meals-Drinks.release.xcconfig */,
			);
			path = Pods;
			sourceTree = "<group>";
		};
		84001CA126D41D950053DB20 /* MealsInCategoryDetailViewController */ = {
			isa = PBXGroup;
			children = (
				84001CA426D41DCC0053DB20 /* ViewModel */,
				84001CA326D41DC30053DB20 /* View */,
				84001CA226D41DBD0053DB20 /* Model */,
			);
			path = MealsInCategoryDetailViewController;
			sourceTree = "<group>";
		};
		84001CA226D41DBD0053DB20 /* Model */ = {
			isa = PBXGroup;
			children = (
				84001CA526D41E380053DB20 /* NetworkModels */,
			);
			path = Model;
			sourceTree = "<group>";
		};
		84001CA326D41DC30053DB20 /* View */ = {
			isa = PBXGroup;
			children = (
				8439D87126C6E530000A56B6 /* MealsInCategoryDetailViewController.swift */,
			);
			path = View;
			sourceTree = "<group>";
		};
		84001CA426D41DCC0053DB20 /* ViewModel */ = {
			isa = PBXGroup;
			children = (
				84001CA626D41FCE0053DB20 /* MealsInCategoryDetailViewModel.swift */,
			);
			path = ViewModel;
			sourceTree = "<group>";
		};
		84001CA526D41E380053DB20 /* NetworkModels */ = {
			isa = PBXGroup;
			children = (
				8420B9FB26C98A5400ABE4F2 /* MealsInCategory.swift */,
				8420B9FC26C98A5400ABE4F2 /* OpenMealCategory.swift */,
			);
			path = NetworkModels;
			sourceTree = "<group>";
		};
		8439B7BD26CB8A9000C1AE85 /* Managers */ = {
			isa = PBXGroup;
			children = (
				8439B7BE26CB8AB600C1AE85 /* MealsNetworkManager.swift */,
				84CA469726CC513E004A12B4 /* DrinksNetworkManager.swift */,
				84A62E9626D2DABA00816292 /* MealsDataManager.swift */,
				84CEE3D926D6D42B0099EA78 /* DrinksDataManager.swift */,
			);
			path = Managers;
			sourceTree = "<group>";
		};
		8439CFB926C1B1D100BB2105 = {
			isa = PBXGroup;
			children = (
				845560AD26C313B3009CEE0F /* Podfile */,
				8439CFC426C1B1D100BB2105 /* Meals-Drinks */,
				8439CFC326C1B1D100BB2105 /* Products */,
				3D5A77BDFCC87FFB3D8092A7 /* Pods */,
				F4CF4430A103051E89A09B1C /* Frameworks */,
			);
			sourceTree = "<group>";
		};
		8439CFC326C1B1D100BB2105 /* Products */ = {
			isa = PBXGroup;
			children = (
				8439CFC226C1B1D100BB2105 /* Meals-Drinks.app */,
			);
			name = Products;
			sourceTree = "<group>";
		};
		8439CFC426C1B1D100BB2105 /* Meals-Drinks */ = {
			isa = PBXGroup;
			children = (
				84A62E9126D2D77D00816292 /* Default Files */,
				84A62E8F26D2D75400816292 /* Modules */,
				8439B7BD26CB8A9000C1AE85 /* Managers */,
				8439CFD926C1B30600BB2105 /* Common */,
				8439CFCB26C1B1D100BB2105 /* Main.storyboard */,
				8439CFD326C1B1D200BB2105 /* Info.plist */,
			);
			path = "Meals-Drinks";
			sourceTree = "<group>";
		};
		8439CFD926C1B30600BB2105 /* Common */ = {
			isa = PBXGroup;
			children = (
				843E630B26CBAAF700C74D11 /* Constants.swift */,
			);
			path = Common;
			sourceTree = "<group>";
		};
		84A62E8F26D2D75400816292 /* Modules */ = {
			isa = PBXGroup;
			children = (
				84A62E9226D2D9A900816292 /* MealViewController */,
				84BAD42B26D4006F006418AE /* RandomMealDetailViewController */,
				84E01B8526D82EA4008CDA0B /* CookLaterDetailMealViewController */,
				84E01B7F26D82C5F008CDA0B /* CookMealLaterViewController */,
				84AF47D726D4256C002B0776 /* MealDetailViewController */,
				84001CA126D41D950053DB20 /* MealsInCategoryDetailViewController */,
				84E01B6426D6E231008CDA0B /* DrinkDetailViewController */,
				84E01B5726D6D7F8008CDA0B /* RandomDrinkDetailViewController */,
				84CEE3CF26D6D2440099EA78 /* DrinksViewController */,
				84E01B5D26D6DC83008CDA0B /* DrinksCategoryDetailViewController */,
				84E01B9126D8372D008CDA0B /* CookLaterDetailDrinkViewController */,
				84E01B8B26D8330D008CDA0B /* CookDrinkLaterViewController */,
			);
			path = Modules;
			sourceTree = "<group>";
		};
		84A62E9126D2D77D00816292 /* Default Files */ = {
			isa = PBXGroup;
			children = (
				8439CFC526C1B1D100BB2105 /* AppDelegate.swift */,
				8439CFC726C1B1D100BB2105 /* SceneDelegate.swift */,
				8439CFCE26C1B1D200BB2105 /* Assets.xcassets */,
				845948B726CAC1DF0097BF81 /* Launch Screen.storyboard */,
			);
			path = "Default Files";
			sourceTree = "<group>";
		};
		84A62E9226D2D9A900816292 /* MealViewController */ = {
			isa = PBXGroup;
			children = (
				84A62E9326D2D9F300816292 /* ViewModel */,
				84A62E9526D2DA0A00816292 /* View */,
				84A62E9426D2DA0000816292 /* Model */,
			);
			path = MealViewController;
			sourceTree = "<group>";
		};
		84A62E9326D2D9F300816292 /* ViewModel */ = {
			isa = PBXGroup;
			children = (
				84BAD42526D2E04C006418AE /* MealViewModel.swift */,
			);
			path = ViewModel;
			sourceTree = "<group>";
		};
		84A62E9426D2DA0000816292 /* Model */ = {
			isa = PBXGroup;
			children = (
				84BAD42826D2EB46006418AE /* RealmModels */,
				84BAD42726D2EB36006418AE /* NetworkModels */,
			);
			path = Model;
			sourceTree = "<group>";
		};
		84A62E9526D2DA0A00816292 /* View */ = {
			isa = PBXGroup;
			children = (
				84A62E9926D2DC7800816292 /* Cells */,
				8439CFC926C1B1D100BB2105 /* MealViewController.swift */,
			);
			path = View;
			sourceTree = "<group>";
		};
		84A62E9826D2DC3C00816292 /* MealCategoryCollectionViewCell */ = {
			isa = PBXGroup;
			children = (
				849C359326C1C11D00665B60 /* CategoriesMealCollectionViewCell.swift */,
				849C359426C1C11D00665B60 /* CategoriesMealCollectionViewCell.xib */,
			);
			path = MealCategoryCollectionViewCell;
			sourceTree = "<group>";
		};
		84A62E9926D2DC7800816292 /* Cells */ = {
			isa = PBXGroup;
			children = (
				84A62E9826D2DC3C00816292 /* MealCategoryCollectionViewCell */,
			);
			path = Cells;
			sourceTree = "<group>";
		};
		84AF47D726D4256C002B0776 /* MealDetailViewController */ = {
			isa = PBXGroup;
			children = (
				84AF47DA26D42590002B0776 /* ViewModel */,
				84AF47D926D4258B002B0776 /* View */,
				84AF47D826D42585002B0776 /* Model */,
			);
			path = MealDetailViewController;
			sourceTree = "<group>";
		};
		84AF47D826D42585002B0776 /* Model */ = {
			isa = PBXGroup;
			children = (
				84AF47DB26D429E0002B0776 /* NetworkModels */,
			);
			path = Model;
			sourceTree = "<group>";
		};
		84AF47D926D4258B002B0776 /* View */ = {
			isa = PBXGroup;
			children = (
				8420B9FF26C98DAE00ABE4F2 /* MealDetailViewController.swift */,
			);
			path = View;
			sourceTree = "<group>";
		};
		84AF47DA26D42590002B0776 /* ViewModel */ = {
			isa = PBXGroup;
			children = (
				84AF47DC26D42B0B002B0776 /* MealDetailViewModel.swift */,
			);
			path = ViewModel;
			sourceTree = "<group>";
		};
		84AF47DB26D429E0002B0776 /* NetworkModels */ = {
			isa = PBXGroup;
			children = (
				8420BA0126CA3E9D00ABE4F2 /* DetailMealInformation.swift */,
				8420BA0226CA3E9E00ABE4F2 /* Meal.swift */,
			);
			path = NetworkModels;
			sourceTree = "<group>";
		};
		84BAD42726D2EB36006418AE /* NetworkModels */ = {
			isa = PBXGroup;
			children = (
				84BAD42A26D2EB82006418AE /* MealCategories */,
				84BAD42926D2EB79006418AE /* RandomMeals */,
			);
			path = NetworkModels;
			sourceTree = "<group>";
		};
		84BAD42826D2EB46006418AE /* RealmModels */ = {
			isa = PBXGroup;
			children = (
				845948B226CAA6430097BF81 /* MealsRealm.swift */,
			);
			name = RealmModels;
			sourceTree = "<group>";
		};
		84BAD42926D2EB79006418AE /* RandomMeals */ = {
			isa = PBXGroup;
			children = (
				8439CFDF26C1B36900BB2105 /* MealInformation.swift */,
				8439CFDE26C1B36900BB2105 /* RandomMeals.swift */,
			);
			path = RandomMeals;
			sourceTree = "<group>";
		};
		84BAD42A26D2EB82006418AE /* MealCategories */ = {
			isa = PBXGroup;
			children = (
				849C359826C1C43800665B60 /* MealsCategory.swift */,
				849C359726C1C43700665B60 /* MealCategory.swift */,
			);
			path = MealCategories;
			sourceTree = "<group>";
		};
		84BAD42B26D4006F006418AE /* RandomMealDetailViewController */ = {
			isa = PBXGroup;
			children = (
				84BAD42C26D40098006418AE /* ViewModel */,
				84BAD42D26D400A0006418AE /* View */,
				84BAD42E26D400B4006418AE /* Model */,
			);
			path = RandomMealDetailViewController;
			sourceTree = "<group>";
		};
		84BAD42C26D40098006418AE /* ViewModel */ = {
			isa = PBXGroup;
			children = (
				84BAD42F26D401C1006418AE /* RandomMealDetailViewModel.swift */,
			);
			path = ViewModel;
			sourceTree = "<group>";
		};
		84BAD42D26D400A0006418AE /* View */ = {
			isa = PBXGroup;
			children = (
				845560AB26C2FDBC009CEE0F /* RandomMealDetailViewController.swift */,
			);
			path = View;
			sourceTree = "<group>";
		};
		84BAD42E26D400B4006418AE /* Model */ = {
			isa = PBXGroup;
			children = (
			);
			path = Model;
			sourceTree = "<group>";
		};
		84CEE3CF26D6D2440099EA78 /* DrinksViewController */ = {
			isa = PBXGroup;
			children = (
				84CEE3D226D6D26D0099EA78 /* ViewModel */,
				84CEE3D126D6D2670099EA78 /* View */,
				84CEE3D026D6D2600099EA78 /* Model */,
			);
			path = DrinksViewController;
			sourceTree = "<group>";
		};
		84CEE3D026D6D2600099EA78 /* Model */ = {
			isa = PBXGroup;
			children = (
				84CEE3D426D6D2940099EA78 /* NetworkModel */,
				84CEE3D326D6D2860099EA78 /* RealmModel */,
			);
			path = Model;
			sourceTree = "<group>";
		};
		84CEE3D126D6D2670099EA78 /* View */ = {
			isa = PBXGroup;
			children = (
				84CEE3DB26D6D4B70099EA78 /* Cells */,
				84CA469C26CC52A7004A12B4 /* DrinksViewController.swift */,
			);
			path = View;
			sourceTree = "<group>";
		};
		84CEE3D226D6D26D0099EA78 /* ViewModel */ = {
			isa = PBXGroup;
			children = (
				84CEE3D726D6D3190099EA78 /* DrinksViewModel.swift */,
			);
			path = ViewModel;
			sourceTree = "<group>";
		};
		84CEE3D326D6D2860099EA78 /* RealmModel */ = {
			isa = PBXGroup;
			children = (
				845A047F26CCF42B00B38B5E /* DrinksRealm.swift */,
			);
			path = RealmModel;
			sourceTree = "<group>";
		};
		84CEE3D426D6D2940099EA78 /* NetworkModel */ = {
			isa = PBXGroup;
			children = (
				84CEE3D626D6D2D50099EA78 /* RandomDrinks */,
				84CEE3D526D6D2C90099EA78 /* DrinkCategories */,
			);
			path = NetworkModel;
			sourceTree = "<group>";
		};
		84CEE3D526D6D2C90099EA78 /* DrinkCategories */ = {
			isa = PBXGroup;
			children = (
				84CA46A726CC626E004A12B4 /* DrinksCategory.swift */,
				84CA46A826CC626E004A12B4 /* DrinksCategoryResult.swift */,
			);
			path = DrinkCategories;
			sourceTree = "<group>";
		};
		84CEE3D626D6D2D50099EA78 /* RandomDrinks */ = {
			isa = PBXGroup;
			children = (
				84CA469F26CC5992004A12B4 /* RandomDrinks.swift */,
				84CA46A026CC5992004A12B4 /* RandomDrinksResult.swift */,
			);
			path = RandomDrinks;
			sourceTree = "<group>";
		};
		84CEE3DB26D6D4B70099EA78 /* Cells */ = {
			isa = PBXGroup;
			children = (
				84CA46A326CC5C7A004A12B4 /* CategoryDrinksCollectionViewCell.swift */,
				84CA46A426CC5C7A004A12B4 /* CategoryDrinksCollectionViewCell.xib */,
			);
			path = Cells;
			sourceTree = "<group>";
		};
		84E01B5726D6D7F8008CDA0B /* RandomDrinkDetailViewController */ = {
			isa = PBXGroup;
			children = (
				84E01B5A26D6D82E008CDA0B /* ViewModel */,
				84E01B5926D6D82A008CDA0B /* View */,
				84E01B5826D6D824008CDA0B /* Model */,
			);
			path = RandomDrinkDetailViewController;
			sourceTree = "<group>";
		};
		84E01B5826D6D824008CDA0B /* Model */ = {
			isa = PBXGroup;
			children = (
			);
			path = Model;
			sourceTree = "<group>";
		};
		84E01B5926D6D82A008CDA0B /* View */ = {
			isa = PBXGroup;
			children = (
				845A047D26CCEEA000B38B5E /* RandomDrinkDetailViewController.swift */,
			);
			path = View;
			sourceTree = "<group>";
		};
		84E01B5A26D6D82E008CDA0B /* ViewModel */ = {
			isa = PBXGroup;
			children = (
				84E01B5B26D6D85B008CDA0B /* RandomDrinkDetailViewModel.swift */,
			);
			path = ViewModel;
			sourceTree = "<group>";
		};
		84E01B5D26D6DC83008CDA0B /* DrinksCategoryDetailViewController */ = {
			isa = PBXGroup;
			children = (
				84E01B6026D6DCE3008CDA0B /* ViewModel */,
				84E01B5F26D6DCDE008CDA0B /* View */,
				84E01B5E26D6DCD3008CDA0B /* Model */,
			);
			path = DrinksCategoryDetailViewController;
			sourceTree = "<group>";
		};
		84E01B5E26D6DCD3008CDA0B /* Model */ = {
			isa = PBXGroup;
			children = (
				84E01B6126D6DD03008CDA0B /* NetworkModels */,
			);
			path = Model;
			sourceTree = "<group>";
		};
		84E01B5F26D6DCDE008CDA0B /* View */ = {
			isa = PBXGroup;
			children = (
				84C5BE2D26CE9206006B4D91 /* DrinksCategoryDetailViewController.swift */,
			);
			path = View;
			sourceTree = "<group>";
		};
		84E01B6026D6DCE3008CDA0B /* ViewModel */ = {
			isa = PBXGroup;
			children = (
				84E01B6226D6DD27008CDA0B /* DrinksCategoryDetailViewModel.swift */,
			);
			path = ViewModel;
			sourceTree = "<group>";
		};
		84E01B6126D6DD03008CDA0B /* NetworkModels */ = {
			isa = PBXGroup;
			children = (
				847D71BB26CE9D69005514D5 /* DrinksInCategory.swift */,
				847D71BA26CE9D69005514D5 /* DrinksInCategoryResult.swift */,
			);
			path = NetworkModels;
			sourceTree = "<group>";
		};
		84E01B6426D6E231008CDA0B /* DrinkDetailViewController */ = {
			isa = PBXGroup;
			children = (
				84E01B6726D6E291008CDA0B /* ViewModel */,
				84E01B6626D6E28B008CDA0B /* View */,
				84E01B6526D6E285008CDA0B /* Model */,
			);
			path = DrinkDetailViewController;
			sourceTree = "<group>";
		};
		84E01B6526D6E285008CDA0B /* Model */ = {
			isa = PBXGroup;
			children = (
				84E01B6826D6E2AF008CDA0B /* NetworkModels */,
			);
			path = Model;
			sourceTree = "<group>";
		};
		84E01B6626D6E28B008CDA0B /* View */ = {
			isa = PBXGroup;
			children = (
				84916E7626D12155004BA3BB /* DrinkDetailViewController.swift */,
			);
			path = View;
			sourceTree = "<group>";
		};
		84E01B6726D6E291008CDA0B /* ViewModel */ = {
			isa = PBXGroup;
			children = (
				84E01B6926D6E2E3008CDA0B /* DrinkDetailViewModel.swift */,
			);
			path = ViewModel;
			sourceTree = "<group>";
		};
		84E01B6826D6E2AF008CDA0B /* NetworkModels */ = {
			isa = PBXGroup;
			children = (
				845BA5FA26D2118B0018C44A /* Drink.swift */,
				845BA5F926D2118B0018C44A /* DetailDrinkInformation.swift */,
			);
			path = NetworkModels;
			sourceTree = "<group>";
		};
		84E01B7F26D82C5F008CDA0B /* CookMealLaterViewController */ = {
			isa = PBXGroup;
			children = (
				84E01B8226D82C6E008CDA0B /* ViewModel */,
				84E01B8126D82C6A008CDA0B /* View */,
				84E01B8026D82C64008CDA0B /* Model */,
			);
			path = CookMealLaterViewController;
			sourceTree = "<group>";
		};
		84E01B8026D82C64008CDA0B /* Model */ = {
			isa = PBXGroup;
			children = (
			);
			path = Model;
			sourceTree = "<group>";
		};
		84E01B8126D82C6A008CDA0B /* View */ = {
			isa = PBXGroup;
			children = (
				845948B526CAB29A0097BF81 /* CookMealLaterViewController.swift */,
			);
			path = View;
			sourceTree = "<group>";
		};
		84E01B8226D82C6E008CDA0B /* ViewModel */ = {
			isa = PBXGroup;
			children = (
				84E01B8326D82C84008CDA0B /* CookMealLaterViewModel.swift */,
			);
			path = ViewModel;
			sourceTree = "<group>";
		};
		84E01B8526D82EA4008CDA0B /* CookLaterDetailMealViewController */ = {
			isa = PBXGroup;
			children = (
				84E01B8826D82ED7008CDA0B /* ViewModel */,
				84E01B8726D82ED2008CDA0B /* View */,
				84E01B8626D82ECC008CDA0B /* Model */,
			);
			path = CookLaterDetailMealViewController;
			sourceTree = "<group>";
		};
		84E01B8626D82ECC008CDA0B /* Model */ = {
			isa = PBXGroup;
			children = (
			);
			path = Model;
			sourceTree = "<group>";
		};
		84E01B8726D82ED2008CDA0B /* View */ = {
			isa = PBXGroup;
			children = (
				849B1F6726CF980500C7A8FE /* CoockLaterDetailMealViewController.swift */,
			);
			path = View;
			sourceTree = "<group>";
		};
		84E01B8826D82ED7008CDA0B /* ViewModel */ = {
			isa = PBXGroup;
			children = (
				84E01B8926D82EEE008CDA0B /* CoockLaterDetailMealViewModel.swift */,
			);
			path = ViewModel;
			sourceTree = "<group>";
		};
		84E01B8B26D8330D008CDA0B /* CookDrinkLaterViewController */ = {
			isa = PBXGroup;
			children = (
				84E01B8E26D83372008CDA0B /* ViewModel */,
				84E01B8D26D8336D008CDA0B /* View */,
			);
			path = CookDrinkLaterViewController;
			sourceTree = "<group>";
		};
		84E01B8D26D8336D008CDA0B /* View */ = {
			isa = PBXGroup;
			children = (
				84F614DA26CD2F2B00BACDDD /* CookDrinkLaterViewController.swift */,
			);
			path = View;
			sourceTree = "<group>";
		};
		84E01B8E26D83372008CDA0B /* ViewModel */ = {
			isa = PBXGroup;
			children = (
				84E01B8F26D833CB008CDA0B /* CookDrinkLaterViewModel.swift */,
			);
			path = ViewModel;
			sourceTree = "<group>";
		};
		84E01B9126D8372D008CDA0B /* CookLaterDetailDrinkViewController */ = {
			isa = PBXGroup;
			children = (
				84E01B9426D83743008CDA0B /* ViewModel */,
				84E01B9326D8373E008CDA0B /* View */,
				84E01B9226D83732008CDA0B /* Model */,
			);
			path = CookLaterDetailDrinkViewController;
			sourceTree = "<group>";
		};
		84E01B9226D83732008CDA0B /* Model */ = {
			isa = PBXGroup;
			children = (
			);
			path = Model;
			sourceTree = "<group>";
		};
		84E01B9326D8373E008CDA0B /* View */ = {
			isa = PBXGroup;
			children = (
				847065A626CFCAE9000E0D56 /* CookLaterDetailDrinkViewController.swift */,
			);
			path = View;
			sourceTree = "<group>";
		};
		84E01B9426D83743008CDA0B /* ViewModel */ = {
			isa = PBXGroup;
			children = (
				84E01B9526D83887008CDA0B /* CookLaterDetailDrinkViewModel.swift */,
			);
			path = ViewModel;
			sourceTree = "<group>";
		};
		F4CF4430A103051E89A09B1C /* Frameworks */ = {
			isa = PBXGroup;
			children = (
				37C3F105655383E9F436C7B9 /* Pods_Meals_Drinks.framework */,
			);
			name = Frameworks;
			sourceTree = "<group>";
		};
/* End PBXGroup section */

/* Begin PBXNativeTarget section */
		8439CFC126C1B1D100BB2105 /* Meals-Drinks */ = {
			isa = PBXNativeTarget;
			buildConfigurationList = 8439CFD626C1B1D200BB2105 /* Build configuration list for PBXNativeTarget "Meals-Drinks" */;
			buildPhases = (
				AB5669836C5B62946F4B48EA /* [CP] Check Pods Manifest.lock */,
				8439CFBE26C1B1D100BB2105 /* Sources */,
				8439CFBF26C1B1D100BB2105 /* Frameworks */,
				8439CFC026C1B1D100BB2105 /* Resources */,
				2CD9949B1924D2CE5F4C7348 /* [CP] Embed Pods Frameworks */,
			);
			buildRules = (
			);
			dependencies = (
			);
			name = "Meals-Drinks";
			productName = "Meals-Drinks";
			productReference = 8439CFC226C1B1D100BB2105 /* Meals-Drinks.app */;
			productType = "com.apple.product-type.application";
		};
/* End PBXNativeTarget section */

/* Begin PBXProject section */
		8439CFBA26C1B1D100BB2105 /* Project object */ = {
			isa = PBXProject;
			attributes = {
				LastSwiftUpdateCheck = 1250;
				LastUpgradeCheck = 1250;
				TargetAttributes = {
					8439CFC126C1B1D100BB2105 = {
						CreatedOnToolsVersion = 12.5.1;
					};
				};
			};
			buildConfigurationList = 8439CFBD26C1B1D100BB2105 /* Build configuration list for PBXProject "Meals-Drinks" */;
			compatibilityVersion = "Xcode 9.3";
			developmentRegion = en;
			hasScannedForEncodings = 0;
			knownRegions = (
				en,
				Base,
			);
			mainGroup = 8439CFB926C1B1D100BB2105;
			productRefGroup = 8439CFC326C1B1D100BB2105 /* Products */;
			projectDirPath = "";
			projectRoot = "";
			targets = (
				8439CFC126C1B1D100BB2105 /* Meals-Drinks */,
			);
		};
/* End PBXProject section */

/* Begin PBXResourcesBuildPhase section */
		8439CFC026C1B1D100BB2105 /* Resources */ = {
			isa = PBXResourcesBuildPhase;
			buildActionMask = 2147483647;
			files = (
				845948B826CAC1DF0097BF81 /* Launch Screen.storyboard in Resources */,
				845560AE26C313B3009CEE0F /* Podfile in Resources */,
				849C359626C1C11D00665B60 /* CategoriesMealCollectionViewCell.xib in Resources */,
				8439CFCF26C1B1D200BB2105 /* Assets.xcassets in Resources */,
				84CA46A626CC5C7A004A12B4 /* CategoryDrinksCollectionViewCell.xib in Resources */,
				8439CFCD26C1B1D100BB2105 /* Main.storyboard in Resources */,
			);
			runOnlyForDeploymentPostprocessing = 0;
		};
/* End PBXResourcesBuildPhase section */

/* Begin PBXShellScriptBuildPhase section */
		2CD9949B1924D2CE5F4C7348 /* [CP] Embed Pods Frameworks */ = {
			isa = PBXShellScriptBuildPhase;
			buildActionMask = 2147483647;
			files = (
			);
			inputFileListPaths = (
				"${PODS_ROOT}/Target Support Files/Pods-Meals-Drinks/Pods-Meals-Drinks-frameworks-${CONFIGURATION}-input-files.xcfilelist",
			);
			name = "[CP] Embed Pods Frameworks";
			outputFileListPaths = (
				"${PODS_ROOT}/Target Support Files/Pods-Meals-Drinks/Pods-Meals-Drinks-frameworks-${CONFIGURATION}-output-files.xcfilelist",
			);
			runOnlyForDeploymentPostprocessing = 0;
			shellPath = /bin/sh;
			shellScript = "\"${PODS_ROOT}/Target Support Files/Pods-Meals-Drinks/Pods-Meals-Drinks-frameworks.sh\"\n";
			showEnvVarsInLog = 0;
		};
		AB5669836C5B62946F4B48EA /* [CP] Check Pods Manifest.lock */ = {
			isa = PBXShellScriptBuildPhase;
			buildActionMask = 2147483647;
			files = (
			);
			inputFileListPaths = (
			);
			inputPaths = (
				"${PODS_PODFILE_DIR_PATH}/Podfile.lock",
				"${PODS_ROOT}/Manifest.lock",
			);
			name = "[CP] Check Pods Manifest.lock";
			outputFileListPaths = (
			);
			outputPaths = (
				"$(DERIVED_FILE_DIR)/Pods-Meals-Drinks-checkManifestLockResult.txt",
			);
			runOnlyForDeploymentPostprocessing = 0;
			shellPath = /bin/sh;
			shellScript = "diff \"${PODS_PODFILE_DIR_PATH}/Podfile.lock\" \"${PODS_ROOT}/Manifest.lock\" > /dev/null\nif [ $? != 0 ] ; then\n    # print error to STDERR\n    echo \"error: The sandbox is not in sync with the Podfile.lock. Run 'pod install' or update your CocoaPods installation.\" >&2\n    exit 1\nfi\n# This output is used by Xcode 'outputs' to avoid re-running this script phase.\necho \"SUCCESS\" > \"${SCRIPT_OUTPUT_FILE_0}\"\n";
			showEnvVarsInLog = 0;
		};
/* End PBXShellScriptBuildPhase section */

/* Begin PBXSourcesBuildPhase section */
		8439CFBE26C1B1D100BB2105 /* Sources */ = {
			isa = PBXSourcesBuildPhase;
			buildActionMask = 2147483647;
			files = (
				847065A726CFCAE9000E0D56 /* CookLaterDetailDrinkViewController.swift in Sources */,
				84CA469D26CC52A7004A12B4 /* DrinksViewController.swift in Sources */,
				84E01B9026D833CB008CDA0B /* CookDrinkLaterViewModel.swift in Sources */,
				84BAD42626D2E04C006418AE /* MealViewModel.swift in Sources */,
				8439B7BF26CB8AB600C1AE85 /* MealsNetworkManager.swift in Sources */,
				84E01B6326D6DD27008CDA0B /* DrinksCategoryDetailViewModel.swift in Sources */,
				84C5BE2E26CE9206006B4D91 /* DrinksCategoryDetailViewController.swift in Sources */,
				84CA46A926CC626E004A12B4 /* DrinksCategory.swift in Sources */,
				843E630C26CBAAF700C74D11 /* Constants.swift in Sources */,
				84E01B5C26D6D85B008CDA0B /* RandomDrinkDetailViewModel.swift in Sources */,
				84CEE3D826D6D3190099EA78 /* DrinksViewModel.swift in Sources */,
				8420BA0326CA3E9E00ABE4F2 /* DetailMealInformation.swift in Sources */,
				845BA5FC26D2118B0018C44A /* Drink.swift in Sources */,
				849C359526C1C11D00665B60 /* CategoriesMealCollectionViewCell.swift in Sources */,
				849C359926C1C43800665B60 /* MealCategory.swift in Sources */,
				84CA46A226CC5992004A12B4 /* RandomDrinksResult.swift in Sources */,
				845BA5FB26D2118B0018C44A /* DetailDrinkInformation.swift in Sources */,
				8439CFCA26C1B1D100BB2105 /* MealViewController.swift in Sources */,
				8439D87226C6E530000A56B6 /* MealsInCategoryDetailViewController.swift in Sources */,
				84A62E9726D2DABA00816292 /* MealsDataManager.swift in Sources */,
				84001CA726D41FCE0053DB20 /* MealsInCategoryDetailViewModel.swift in Sources */,
				845A047E26CCEEA000B38B5E /* RandomDrinkDetailViewController.swift in Sources */,
				845560AC26C2FDBC009CEE0F /* RandomMealDetailViewController.swift in Sources */,
				84E01B9626D83887008CDA0B /* CookLaterDetailDrinkViewModel.swift in Sources */,
				84CA46A526CC5C7A004A12B4 /* CategoryDrinksCollectionViewCell.swift in Sources */,
				84CA46A126CC5992004A12B4 /* RandomDrinks.swift in Sources */,
				8420B9FD26C98A5400ABE4F2 /* MealsInCategory.swift in Sources */,
				84CA469826CC513E004A12B4 /* DrinksNetworkManager.swift in Sources */,
				847D71BD26CE9D69005514D5 /* DrinksInCategory.swift in Sources */,
				84916E7726D12155004BA3BB /* DrinkDetailViewController.swift in Sources */,
				8439CFC626C1B1D100BB2105 /* AppDelegate.swift in Sources */,
				8420BA0026C98DAE00ABE4F2 /* MealDetailViewController.swift in Sources */,
				84CA46AA26CC626E004A12B4 /* DrinksCategoryResult.swift in Sources */,
				8439CFC826C1B1D100BB2105 /* SceneDelegate.swift in Sources */,
				84CEE3DA26D6D42B0099EA78 /* DrinksDataManager.swift in Sources */,
				8420BA0426CA3E9E00ABE4F2 /* Meal.swift in Sources */,
				8439CFE026C1B36900BB2105 /* RandomMeals.swift in Sources */,
				84BAD43026D401C1006418AE /* RandomMealDetailViewModel.swift in Sources */,
				84E01B6A26D6E2E3008CDA0B /* DrinkDetailViewModel.swift in Sources */,
				849C359A26C1C43800665B60 /* MealsCategory.swift in Sources */,
				84E01B8426D82C84008CDA0B /* CookMealLaterViewModel.swift in Sources */,
				8420B9FE26C98A5400ABE4F2 /* OpenMealCategory.swift in Sources */,
				845A048026CCF42B00B38B5E /* DrinksRealm.swift in Sources */,
				845948B326CAA6430097BF81 /* MealsRealm.swift in Sources */,
				8439CFE126C1B36900BB2105 /* MealInformation.swift in Sources */,
				845948B626CAB29A0097BF81 /* CookMealLaterViewController.swift in Sources */,
				84F614DB26CD2F2B00BACDDD /* CookDrinkLaterViewController.swift in Sources */,
				847D71BC26CE9D69005514D5 /* DrinksInCategoryResult.swift in Sources */,
				84AF47DD26D42B0B002B0776 /* MealDetailViewModel.swift in Sources */,
				84E01B8A26D82EEE008CDA0B /* CoockLaterDetailMealViewModel.swift in Sources */,
				849B1F6826CF980500C7A8FE /* CoockLaterDetailMealViewController.swift in Sources */,
			);
			runOnlyForDeploymentPostprocessing = 0;
		};
/* End PBXSourcesBuildPhase section */

/* Begin PBXVariantGroup section */
		8439CFCB26C1B1D100BB2105 /* Main.storyboard */ = {
			isa = PBXVariantGroup;
			children = (
				8439CFCC26C1B1D100BB2105 /* Base */,
			);
			name = Main.storyboard;
			sourceTree = "<group>";
		};
/* End PBXVariantGroup section */

/* Begin XCBuildConfiguration section */
		8439CFD426C1B1D200BB2105 /* Debug */ = {
			isa = XCBuildConfiguration;
			buildSettings = {
				ALWAYS_SEARCH_USER_PATHS = NO;
				CLANG_ANALYZER_NONNULL = YES;
				CLANG_ANALYZER_NUMBER_OBJECT_CONVERSION = YES_AGGRESSIVE;
				CLANG_CXX_LANGUAGE_STANDARD = "gnu++14";
				CLANG_CXX_LIBRARY = "libc++";
				CLANG_ENABLE_MODULES = YES;
				CLANG_ENABLE_OBJC_ARC = YES;
				CLANG_ENABLE_OBJC_WEAK = YES;
				CLANG_WARN_BLOCK_CAPTURE_AUTORELEASING = YES;
				CLANG_WARN_BOOL_CONVERSION = YES;
				CLANG_WARN_COMMA = YES;
				CLANG_WARN_CONSTANT_CONVERSION = YES;
				CLANG_WARN_DEPRECATED_OBJC_IMPLEMENTATIONS = YES;
				CLANG_WARN_DIRECT_OBJC_ISA_USAGE = YES_ERROR;
				CLANG_WARN_DOCUMENTATION_COMMENTS = YES;
				CLANG_WARN_EMPTY_BODY = YES;
				CLANG_WARN_ENUM_CONVERSION = YES;
				CLANG_WARN_INFINITE_RECURSION = YES;
				CLANG_WARN_INT_CONVERSION = YES;
				CLANG_WARN_NON_LITERAL_NULL_CONVERSION = YES;
				CLANG_WARN_OBJC_IMPLICIT_RETAIN_SELF = YES;
				CLANG_WARN_OBJC_LITERAL_CONVERSION = YES;
				CLANG_WARN_OBJC_ROOT_CLASS = YES_ERROR;
				CLANG_WARN_QUOTED_INCLUDE_IN_FRAMEWORK_HEADER = YES;
				CLANG_WARN_RANGE_LOOP_ANALYSIS = YES;
				CLANG_WARN_STRICT_PROTOTYPES = YES;
				CLANG_WARN_SUSPICIOUS_MOVE = YES;
				CLANG_WARN_UNGUARDED_AVAILABILITY = YES_AGGRESSIVE;
				CLANG_WARN_UNREACHABLE_CODE = YES;
				CLANG_WARN__DUPLICATE_METHOD_MATCH = YES;
				COPY_PHASE_STRIP = NO;
				DEBUG_INFORMATION_FORMAT = dwarf;
				ENABLE_STRICT_OBJC_MSGSEND = YES;
				ENABLE_TESTABILITY = YES;
				GCC_C_LANGUAGE_STANDARD = gnu11;
				GCC_DYNAMIC_NO_PIC = NO;
				GCC_NO_COMMON_BLOCKS = YES;
				GCC_OPTIMIZATION_LEVEL = 0;
				GCC_PREPROCESSOR_DEFINITIONS = (
					"DEBUG=1",
					"$(inherited)",
				);
				GCC_WARN_64_TO_32_BIT_CONVERSION = YES;
				GCC_WARN_ABOUT_RETURN_TYPE = YES_ERROR;
				GCC_WARN_UNDECLARED_SELECTOR = YES;
				GCC_WARN_UNINITIALIZED_AUTOS = YES_AGGRESSIVE;
				GCC_WARN_UNUSED_FUNCTION = YES;
				GCC_WARN_UNUSED_VARIABLE = YES;
				IPHONEOS_DEPLOYMENT_TARGET = 14.5;
				MTL_ENABLE_DEBUG_INFO = INCLUDE_SOURCE;
				MTL_FAST_MATH = YES;
				ONLY_ACTIVE_ARCH = YES;
				SDKROOT = iphoneos;
				SWIFT_ACTIVE_COMPILATION_CONDITIONS = DEBUG;
				SWIFT_OPTIMIZATION_LEVEL = "-Onone";
			};
			name = Debug;
		};
		8439CFD526C1B1D200BB2105 /* Release */ = {
			isa = XCBuildConfiguration;
			buildSettings = {
				ALWAYS_SEARCH_USER_PATHS = NO;
				CLANG_ANALYZER_NONNULL = YES;
				CLANG_ANALYZER_NUMBER_OBJECT_CONVERSION = YES_AGGRESSIVE;
				CLANG_CXX_LANGUAGE_STANDARD = "gnu++14";
				CLANG_CXX_LIBRARY = "libc++";
				CLANG_ENABLE_MODULES = YES;
				CLANG_ENABLE_OBJC_ARC = YES;
				CLANG_ENABLE_OBJC_WEAK = YES;
				CLANG_WARN_BLOCK_CAPTURE_AUTORELEASING = YES;
				CLANG_WARN_BOOL_CONVERSION = YES;
				CLANG_WARN_COMMA = YES;
				CLANG_WARN_CONSTANT_CONVERSION = YES;
				CLANG_WARN_DEPRECATED_OBJC_IMPLEMENTATIONS = YES;
				CLANG_WARN_DIRECT_OBJC_ISA_USAGE = YES_ERROR;
				CLANG_WARN_DOCUMENTATION_COMMENTS = YES;
				CLANG_WARN_EMPTY_BODY = YES;
				CLANG_WARN_ENUM_CONVERSION = YES;
				CLANG_WARN_INFINITE_RECURSION = YES;
				CLANG_WARN_INT_CONVERSION = YES;
				CLANG_WARN_NON_LITERAL_NULL_CONVERSION = YES;
				CLANG_WARN_OBJC_IMPLICIT_RETAIN_SELF = YES;
				CLANG_WARN_OBJC_LITERAL_CONVERSION = YES;
				CLANG_WARN_OBJC_ROOT_CLASS = YES_ERROR;
				CLANG_WARN_QUOTED_INCLUDE_IN_FRAMEWORK_HEADER = YES;
				CLANG_WARN_RANGE_LOOP_ANALYSIS = YES;
				CLANG_WARN_STRICT_PROTOTYPES = YES;
				CLANG_WARN_SUSPICIOUS_MOVE = YES;
				CLANG_WARN_UNGUARDED_AVAILABILITY = YES_AGGRESSIVE;
				CLANG_WARN_UNREACHABLE_CODE = YES;
				CLANG_WARN__DUPLICATE_METHOD_MATCH = YES;
				COPY_PHASE_STRIP = NO;
				DEBUG_INFORMATION_FORMAT = "dwarf-with-dsym";
				ENABLE_NS_ASSERTIONS = NO;
				ENABLE_STRICT_OBJC_MSGSEND = YES;
				GCC_C_LANGUAGE_STANDARD = gnu11;
				GCC_NO_COMMON_BLOCKS = YES;
				GCC_WARN_64_TO_32_BIT_CONVERSION = YES;
				GCC_WARN_ABOUT_RETURN_TYPE = YES_ERROR;
				GCC_WARN_UNDECLARED_SELECTOR = YES;
				GCC_WARN_UNINITIALIZED_AUTOS = YES_AGGRESSIVE;
				GCC_WARN_UNUSED_FUNCTION = YES;
				GCC_WARN_UNUSED_VARIABLE = YES;
				IPHONEOS_DEPLOYMENT_TARGET = 14.5;
				MTL_ENABLE_DEBUG_INFO = NO;
				MTL_FAST_MATH = YES;
				SDKROOT = iphoneos;
				SWIFT_COMPILATION_MODE = wholemodule;
				SWIFT_OPTIMIZATION_LEVEL = "-O";
				VALIDATE_PRODUCT = YES;
			};
			name = Release;
		};
		8439CFD726C1B1D200BB2105 /* Debug */ = {
			isa = XCBuildConfiguration;
			baseConfigurationReference = 20038E06147E63E9847D5647 /* Pods-Meals-Drinks.debug.xcconfig */;
			buildSettings = {
				ASSETCATALOG_COMPILER_APPICON_NAME = AppIcon;
				ASSETCATALOG_COMPILER_GLOBAL_ACCENT_COLOR_NAME = AccentColor;
				CODE_SIGN_STYLE = Automatic;
				INFOPLIST_FILE = "Meals-Drinks/Info.plist";
				LD_RUNPATH_SEARCH_PATHS = (
					"$(inherited)",
					"@executable_path/Frameworks",
				);
				PRODUCT_BUNDLE_IDENTIFIER = "S-Pavlichuk-icloud.com.Meals-Drinks";
				PRODUCT_NAME = "$(TARGET_NAME)";
				SWIFT_VERSION = 5.0;
				TARGETED_DEVICE_FAMILY = "1,2";
			};
			name = Debug;
		};
		8439CFD826C1B1D200BB2105 /* Release */ = {
			isa = XCBuildConfiguration;
			baseConfigurationReference = 0FD74363D978B51D03C1A4D4 /* Pods-Meals-Drinks.release.xcconfig */;
			buildSettings = {
				ASSETCATALOG_COMPILER_APPICON_NAME = AppIcon;
				ASSETCATALOG_COMPILER_GLOBAL_ACCENT_COLOR_NAME = AccentColor;
				CODE_SIGN_STYLE = Automatic;
				INFOPLIST_FILE = "Meals-Drinks/Info.plist";
				LD_RUNPATH_SEARCH_PATHS = (
					"$(inherited)",
					"@executable_path/Frameworks",
				);
				PRODUCT_BUNDLE_IDENTIFIER = "S-Pavlichuk-icloud.com.Meals-Drinks";
				PRODUCT_NAME = "$(TARGET_NAME)";
				SWIFT_VERSION = 5.0;
				TARGETED_DEVICE_FAMILY = "1,2";
			};
			name = Release;
		};
/* End XCBuildConfiguration section */

/* Begin XCConfigurationList section */
		8439CFBD26C1B1D100BB2105 /* Build configuration list for PBXProject "Meals-Drinks" */ = {
			isa = XCConfigurationList;
			buildConfigurations = (
				8439CFD426C1B1D200BB2105 /* Debug */,
				8439CFD526C1B1D200BB2105 /* Release */,
			);
			defaultConfigurationIsVisible = 0;
			defaultConfigurationName = Release;
		};
		8439CFD626C1B1D200BB2105 /* Build configuration list for PBXNativeTarget "Meals-Drinks" */ = {
			isa = XCConfigurationList;
			buildConfigurations = (
				8439CFD726C1B1D200BB2105 /* Debug */,
				8439CFD826C1B1D200BB2105 /* Release */,
			);
			defaultConfigurationIsVisible = 0;
			defaultConfigurationName = Release;
		};
/* End XCConfigurationList section */
	};
	rootObject = 8439CFBA26C1B1D100BB2105 /* Project object */;
}
