// !$*UTF8*$!
{
	archiveVersion = 1;
	classes = {
	};
	objectVersion = 51;
	objects = {

/* Begin PBXBuildFile section */
		47237A99FF7204BACF888AA3 /* Pods_Meals_Drinks.framework in Frameworks */ = {isa = PBXBuildFile; fileRef = 37C3F105655383E9F436C7B9 /* Pods_Meals_Drinks.framework */; };
		8439CFC626C1B1D100BB2105 /* AppDelegate.swift in Sources */ = {isa = PBXBuildFile; fileRef = 8439CFC526C1B1D100BB2105 /* AppDelegate.swift */; };
		8439CFC826C1B1D100BB2105 /* SceneDelegate.swift in Sources */ = {isa = PBXBuildFile; fileRef = 8439CFC726C1B1D100BB2105 /* SceneDelegate.swift */; };
		8439CFCA26C1B1D100BB2105 /* ViewController.swift in Sources */ = {isa = PBXBuildFile; fileRef = 8439CFC926C1B1D100BB2105 /* ViewController.swift */; };
		8439CFCD26C1B1D100BB2105 /* Main.storyboard in Resources */ = {isa = PBXBuildFile; fileRef = 8439CFCB26C1B1D100BB2105 /* Main.storyboard */; };
		8439CFCF26C1B1D200BB2105 /* Assets.xcassets in Resources */ = {isa = PBXBuildFile; fileRef = 8439CFCE26C1B1D200BB2105 /* Assets.xcassets */; };
		8439CFD226C1B1D200BB2105 /* LaunchScreen.storyboard in Resources */ = {isa = PBXBuildFile; fileRef = 8439CFD026C1B1D200BB2105 /* LaunchScreen.storyboard */; };
		8439CFE026C1B36900BB2105 /* RandomMeals.swift in Sources */ = {isa = PBXBuildFile; fileRef = 8439CFDE26C1B36900BB2105 /* RandomMeals.swift */; };
		8439CFE126C1B36900BB2105 /* Meals.swift in Sources */ = {isa = PBXBuildFile; fileRef = 8439CFDF26C1B36900BB2105 /* Meals.swift */; };
/* End PBXBuildFile section */

/* Begin PBXFileReference section */
		0FD74363D978B51D03C1A4D4 /* Pods-Meals-Drinks.release.xcconfig */ = {isa = PBXFileReference; includeInIndex = 1; lastKnownFileType = text.xcconfig; name = "Pods-Meals-Drinks.release.xcconfig"; path = "Target Support Files/Pods-Meals-Drinks/Pods-Meals-Drinks.release.xcconfig"; sourceTree = "<group>"; };
		20038E06147E63E9847D5647 /* Pods-Meals-Drinks.debug.xcconfig */ = {isa = PBXFileReference; includeInIndex = 1; lastKnownFileType = text.xcconfig; name = "Pods-Meals-Drinks.debug.xcconfig"; path = "Target Support Files/Pods-Meals-Drinks/Pods-Meals-Drinks.debug.xcconfig"; sourceTree = "<group>"; };
		37C3F105655383E9F436C7B9 /* Pods_Meals_Drinks.framework */ = {isa = PBXFileReference; explicitFileType = wrapper.framework; includeInIndex = 0; path = Pods_Meals_Drinks.framework; sourceTree = BUILT_PRODUCTS_DIR; };
		8439CFC226C1B1D100BB2105 /* Meals-Drinks.app */ = {isa = PBXFileReference; explicitFileType = wrapper.application; includeInIndex = 0; path = "Meals-Drinks.app"; sourceTree = BUILT_PRODUCTS_DIR; };
		8439CFC526C1B1D100BB2105 /* AppDelegate.swift */ = {isa = PBXFileReference; lastKnownFileType = sourcecode.swift; path = AppDelegate.swift; sourceTree = "<group>"; };
		8439CFC726C1B1D100BB2105 /* SceneDelegate.swift */ = {isa = PBXFileReference; lastKnownFileType = sourcecode.swift; path = SceneDelegate.swift; sourceTree = "<group>"; };
		8439CFC926C1B1D100BB2105 /* ViewController.swift */ = {isa = PBXFileReference; lastKnownFileType = sourcecode.swift; path = ViewController.swift; sourceTree = "<group>"; };
		8439CFCC26C1B1D100BB2105 /* Base */ = {isa = PBXFileReference; lastKnownFileType = file.storyboard; name = Base; path = Base.lproj/Main.storyboard; sourceTree = "<group>"; };
		8439CFCE26C1B1D200BB2105 /* Assets.xcassets */ = {isa = PBXFileReference; lastKnownFileType = folder.assetcatalog; path = Assets.xcassets; sourceTree = "<group>"; };
		8439CFD126C1B1D200BB2105 /* Base */ = {isa = PBXFileReference; lastKnownFileType = file.storyboard; name = Base; path = Base.lproj/LaunchScreen.storyboard; sourceTree = "<group>"; };
		8439CFD326C1B1D200BB2105 /* Info.plist */ = {isa = PBXFileReference; lastKnownFileType = text.plist.xml; path = Info.plist; sourceTree = "<group>"; };
		8439CFDE26C1B36900BB2105 /* RandomMeals.swift */ = {isa = PBXFileReference; fileEncoding = 4; lastKnownFileType = sourcecode.swift; path = RandomMeals.swift; sourceTree = "<group>"; };
		8439CFDF26C1B36900BB2105 /* Meals.swift */ = {isa = PBXFileReference; fileEncoding = 4; lastKnownFileType = sourcecode.swift; path = Meals.swift; sourceTree = "<group>"; };
/* End PBXFileReference section */

/* Begin PBXFrameworksBuildPhase section */
		8439CFBF26C1B1D100BB2105 /* Frameworks */ = {
			isa = PBXFrameworksBuildPhase;
			buildActionMask = 2147483647;
			files = (
				47237A99FF7204BACF888AA3 /* Pods_Meals_Drinks.framework in Frameworks */,
			);
			runOnlyForDeploymentPostprocessing = 0;
		};
/* End PBXFrameworksBuildPhase section */

/* Begin PBXGroup section */
		3D5A77BDFCC87FFB3D8092A7 /* Pods */ = {
			isa = PBXGroup;
			children = (
				20038E06147E63E9847D5647 /* Pods-Meals-Drinks.debug.xcconfig */,
				0FD74363D978B51D03C1A4D4 /* Pods-Meals-Drinks.release.xcconfig */,
			);
			path = Pods;
			sourceTree = "<group>";
		};
		8439CFB926C1B1D100BB2105 = {
			isa = PBXGroup;
			children = (
				8439CFC426C1B1D100BB2105 /* Meals-Drinks */,
				8439CFC326C1B1D100BB2105 /* Products */,
				3D5A77BDFCC87FFB3D8092A7 /* Pods */,
				F4CF4430A103051E89A09B1C /* Frameworks */,
			);
			sourceTree = "<group>";
		};
		8439CFC326C1B1D100BB2105 /* Products */ = {
			isa = PBXGroup;
			children = (
				8439CFC226C1B1D100BB2105 /* Meals-Drinks.app */,
			);
			name = Products;
			sourceTree = "<group>";
		};
		8439CFC426C1B1D100BB2105 /* Meals-Drinks */ = {
			isa = PBXGroup;
			children = (
				8439CFDB26C1B32F00BB2105 /* Models */,
				8439CFDA26C1B32400BB2105 /* ViewControllers */,
				8439CFD926C1B30600BB2105 /* Common */,
				8439CFCB26C1B1D100BB2105 /* Main.storyboard */,
				8439CFD326C1B1D200BB2105 /* Info.plist */,
			);
			path = "Meals-Drinks";
			sourceTree = "<group>";
		};
		8439CFD926C1B30600BB2105 /* Common */ = {
			isa = PBXGroup;
			children = (
				8439CFC526C1B1D100BB2105 /* AppDelegate.swift */,
				8439CFC726C1B1D100BB2105 /* SceneDelegate.swift */,
				8439CFCE26C1B1D200BB2105 /* Assets.xcassets */,
				8439CFD026C1B1D200BB2105 /* LaunchScreen.storyboard */,
			);
			path = Common;
			sourceTree = "<group>";
		};
		8439CFDA26C1B32400BB2105 /* ViewControllers */ = {
			isa = PBXGroup;
			children = (
				8439CFC926C1B1D100BB2105 /* ViewController.swift */,
			);
			path = ViewControllers;
			sourceTree = "<group>";
		};
		8439CFDB26C1B32F00BB2105 /* Models */ = {
			isa = PBXGroup;
			children = (
				8439CFDD26C1B34300BB2105 /* NetworkModels */,
				8439CFDC26C1B33B00BB2105 /* RealmModels */,
			);
			path = Models;
			sourceTree = "<group>";
		};
		8439CFDC26C1B33B00BB2105 /* RealmModels */ = {
			isa = PBXGroup;
			children = (
			);
			path = RealmModels;
			sourceTree = "<group>";
		};
		8439CFDD26C1B34300BB2105 /* NetworkModels */ = {
			isa = PBXGroup;
			children = (
				8439CFDF26C1B36900BB2105 /* Meals.swift */,
				8439CFDE26C1B36900BB2105 /* RandomMeals.swift */,
			);
			path = NetworkModels;
			sourceTree = "<group>";
		};
		F4CF4430A103051E89A09B1C /* Frameworks */ = {
			isa = PBXGroup;
			children = (
				37C3F105655383E9F436C7B9 /* Pods_Meals_Drinks.framework */,
			);
			name = Frameworks;
			sourceTree = "<group>";
		};
/* End PBXGroup section */

/* Begin PBXNativeTarget section */
		8439CFC126C1B1D100BB2105 /* Meals-Drinks */ = {
			isa = PBXNativeTarget;
			buildConfigurationList = 8439CFD626C1B1D200BB2105 /* Build configuration list for PBXNativeTarget "Meals-Drinks" */;
			buildPhases = (
				AB5669836C5B62946F4B48EA /* [CP] Check Pods Manifest.lock */,
				8439CFBE26C1B1D100BB2105 /* Sources */,
				8439CFBF26C1B1D100BB2105 /* Frameworks */,
				8439CFC026C1B1D100BB2105 /* Resources */,
				2CD9949B1924D2CE5F4C7348 /* [CP] Embed Pods Frameworks */,
			);
			buildRules = (
			);
			dependencies = (
			);
			name = "Meals-Drinks";
			productName = "Meals-Drinks";
			productReference = 8439CFC226C1B1D100BB2105 /* Meals-Drinks.app */;
			productType = "com.apple.product-type.application";
		};
/* End PBXNativeTarget section */

/* Begin PBXProject section */
		8439CFBA26C1B1D100BB2105 /* Project object */ = {
			isa = PBXProject;
			attributes = {
				LastSwiftUpdateCheck = 1250;
				LastUpgradeCheck = 1250;
				TargetAttributes = {
					8439CFC126C1B1D100BB2105 = {
						CreatedOnToolsVersion = 12.5.1;
					};
				};
			};
			buildConfigurationList = 8439CFBD26C1B1D100BB2105 /* Build configuration list for PBXProject "Meals-Drinks" */;
			compatibilityVersion = "Xcode 9.3";
			developmentRegion = en;
			hasScannedForEncodings = 0;
			knownRegions = (
				en,
				Base,
			);
			mainGroup = 8439CFB926C1B1D100BB2105;
			productRefGroup = 8439CFC326C1B1D100BB2105 /* Products */;
			projectDirPath = "";
			projectRoot = "";
			targets = (
				8439CFC126C1B1D100BB2105 /* Meals-Drinks */,
			);
		};
/* End PBXProject section */

/* Begin PBXResourcesBuildPhase section */
		8439CFC026C1B1D100BB2105 /* Resources */ = {
			isa = PBXResourcesBuildPhase;
			buildActionMask = 2147483647;
			files = (
				8439CFD226C1B1D200BB2105 /* LaunchScreen.storyboard in Resources */,
				8439CFCF26C1B1D200BB2105 /* Assets.xcassets in Resources */,
				8439CFCD26C1B1D100BB2105 /* Main.storyboard in Resources */,
			);
			runOnlyForDeploymentPostprocessing = 0;
		};
/* End PBXResourcesBuildPhase section */

/* Begin PBXShellScriptBuildPhase section */
		2CD9949B1924D2CE5F4C7348 /* [CP] Embed Pods Frameworks */ = {
			isa = PBXShellScriptBuildPhase;
			buildActionMask = 2147483647;
			files = (
			);
			inputFileListPaths = (
				"${PODS_ROOT}/Target Support Files/Pods-Meals-Drinks/Pods-Meals-Drinks-frameworks-${CONFIGURATION}-input-files.xcfilelist",
			);
			name = "[CP] Embed Pods Frameworks";
			outputFileListPaths = (
				"${PODS_ROOT}/Target Support Files/Pods-Meals-Drinks/Pods-Meals-Drinks-frameworks-${CONFIGURATION}-output-files.xcfilelist",
			);
			runOnlyForDeploymentPostprocessing = 0;
			shellPath = /bin/sh;
			shellScript = "\"${PODS_ROOT}/Target Support Files/Pods-Meals-Drinks/Pods-Meals-Drinks-frameworks.sh\"\n";
			showEnvVarsInLog = 0;
		};
		AB5669836C5B62946F4B48EA /* [CP] Check Pods Manifest.lock */ = {
			isa = PBXShellScriptBuildPhase;
			buildActionMask = 2147483647;
			files = (
			);
			inputFileListPaths = (
			);
			inputPaths = (
				"${PODS_PODFILE_DIR_PATH}/Podfile.lock",
				"${PODS_ROOT}/Manifest.lock",
			);
			name = "[CP] Check Pods Manifest.lock";
			outputFileListPaths = (
			);
			outputPaths = (
				"$(DERIVED_FILE_DIR)/Pods-Meals-Drinks-checkManifestLockResult.txt",
			);
			runOnlyForDeploymentPostprocessing = 0;
			shellPath = /bin/sh;
			shellScript = "diff \"${PODS_PODFILE_DIR_PATH}/Podfile.lock\" \"${PODS_ROOT}/Manifest.lock\" > /dev/null\nif [ $? != 0 ] ; then\n    # print error to STDERR\n    echo \"error: The sandbox is not in sync with the Podfile.lock. Run 'pod install' or update your CocoaPods installation.\" >&2\n    exit 1\nfi\n# This output is used by Xcode 'outputs' to avoid re-running this script phase.\necho \"SUCCESS\" > \"${SCRIPT_OUTPUT_FILE_0}\"\n";
			showEnvVarsInLog = 0;
		};
/* End PBXShellScriptBuildPhase section */

/* Begin PBXSourcesBuildPhase section */
		8439CFBE26C1B1D100BB2105 /* Sources */ = {
			isa = PBXSourcesBuildPhase;
			buildActionMask = 2147483647;
			files = (
				8439CFCA26C1B1D100BB2105 /* ViewController.swift in Sources */,
				8439CFC626C1B1D100BB2105 /* AppDelegate.swift in Sources */,
				8439CFC826C1B1D100BB2105 /* SceneDelegate.swift in Sources */,
				8439CFE026C1B36900BB2105 /* RandomMeals.swift in Sources */,
				8439CFE126C1B36900BB2105 /* Meals.swift in Sources */,
			);
			runOnlyForDeploymentPostprocessing = 0;
		};
/* End PBXSourcesBuildPhase section */

/* Begin PBXVariantGroup section */
		8439CFCB26C1B1D100BB2105 /* Main.storyboard */ = {
			isa = PBXVariantGroup;
			children = (
				8439CFCC26C1B1D100BB2105 /* Base */,
			);
			name = Main.storyboard;
			sourceTree = "<group>";
		};
		8439CFD026C1B1D200BB2105 /* LaunchScreen.storyboard */ = {
			isa = PBXVariantGroup;
			children = (
				8439CFD126C1B1D200BB2105 /* Base */,
			);
			name = LaunchScreen.storyboard;
			sourceTree = "<group>";
		};
/* End PBXVariantGroup section */

/* Begin XCBuildConfiguration section */
		8439CFD426C1B1D200BB2105 /* Debug */ = {
			isa = XCBuildConfiguration;
			buildSettings = {
				ALWAYS_SEARCH_USER_PATHS = NO;
				CLANG_ANALYZER_NONNULL = YES;
				CLANG_ANALYZER_NUMBER_OBJECT_CONVERSION = YES_AGGRESSIVE;
				CLANG_CXX_LANGUAGE_STANDARD = "gnu++14";
				CLANG_CXX_LIBRARY = "libc++";
				CLANG_ENABLE_MODULES = YES;
				CLANG_ENABLE_OBJC_ARC = YES;
				CLANG_ENABLE_OBJC_WEAK = YES;
				CLANG_WARN_BLOCK_CAPTURE_AUTORELEASING = YES;
				CLANG_WARN_BOOL_CONVERSION = YES;
				CLANG_WARN_COMMA = YES;
				CLANG_WARN_CONSTANT_CONVERSION = YES;
				CLANG_WARN_DEPRECATED_OBJC_IMPLEMENTATIONS = YES;
				CLANG_WARN_DIRECT_OBJC_ISA_USAGE = YES_ERROR;
				CLANG_WARN_DOCUMENTATION_COMMENTS = YES;
				CLANG_WARN_EMPTY_BODY = YES;
				CLANG_WARN_ENUM_CONVERSION = YES;
				CLANG_WARN_INFINITE_RECURSION = YES;
				CLANG_WARN_INT_CONVERSION = YES;
				CLANG_WARN_NON_LITERAL_NULL_CONVERSION = YES;
				CLANG_WARN_OBJC_IMPLICIT_RETAIN_SELF = YES;
				CLANG_WARN_OBJC_LITERAL_CONVERSION = YES;
				CLANG_WARN_OBJC_ROOT_CLASS = YES_ERROR;
				CLANG_WARN_QUOTED_INCLUDE_IN_FRAMEWORK_HEADER = YES;
				CLANG_WARN_RANGE_LOOP_ANALYSIS = YES;
				CLANG_WARN_STRICT_PROTOTYPES = YES;
				CLANG_WARN_SUSPICIOUS_MOVE = YES;
				CLANG_WARN_UNGUARDED_AVAILABILITY = YES_AGGRESSIVE;
				CLANG_WARN_UNREACHABLE_CODE = YES;
				CLANG_WARN__DUPLICATE_METHOD_MATCH = YES;
				COPY_PHASE_STRIP = NO;
				DEBUG_INFORMATION_FORMAT = dwarf;
				ENABLE_STRICT_OBJC_MSGSEND = YES;
				ENABLE_TESTABILITY = YES;
				GCC_C_LANGUAGE_STANDARD = gnu11;
				GCC_DYNAMIC_NO_PIC = NO;
				GCC_NO_COMMON_BLOCKS = YES;
				GCC_OPTIMIZATION_LEVEL = 0;
				GCC_PREPROCESSOR_DEFINITIONS = (
					"DEBUG=1",
					"$(inherited)",
				);
				GCC_WARN_64_TO_32_BIT_CONVERSION = YES;
				GCC_WARN_ABOUT_RETURN_TYPE = YES_ERROR;
				GCC_WARN_UNDECLARED_SELECTOR = YES;
				GCC_WARN_UNINITIALIZED_AUTOS = YES_AGGRESSIVE;
				GCC_WARN_UNUSED_FUNCTION = YES;
				GCC_WARN_UNUSED_VARIABLE = YES;
				IPHONEOS_DEPLOYMENT_TARGET = 14.5;
				MTL_ENABLE_DEBUG_INFO = INCLUDE_SOURCE;
				MTL_FAST_MATH = YES;
				ONLY_ACTIVE_ARCH = YES;
				SDKROOT = iphoneos;
				SWIFT_ACTIVE_COMPILATION_CONDITIONS = DEBUG;
				SWIFT_OPTIMIZATION_LEVEL = "-Onone";
			};
			name = Debug;
		};
		8439CFD526C1B1D200BB2105 /* Release */ = {
			isa = XCBuildConfiguration;
			buildSettings = {
				ALWAYS_SEARCH_USER_PATHS = NO;
				CLANG_ANALYZER_NONNULL = YES;
				CLANG_ANALYZER_NUMBER_OBJECT_CONVERSION = YES_AGGRESSIVE;
				CLANG_CXX_LANGUAGE_STANDARD = "gnu++14";
				CLANG_CXX_LIBRARY = "libc++";
				CLANG_ENABLE_MODULES = YES;
				CLANG_ENABLE_OBJC_ARC = YES;
				CLANG_ENABLE_OBJC_WEAK = YES;
				CLANG_WARN_BLOCK_CAPTURE_AUTORELEASING = YES;
				CLANG_WARN_BOOL_CONVERSION = YES;
				CLANG_WARN_COMMA = YES;
				CLANG_WARN_CONSTANT_CONVERSION = YES;
				CLANG_WARN_DEPRECATED_OBJC_IMPLEMENTATIONS = YES;
				CLANG_WARN_DIRECT_OBJC_ISA_USAGE = YES_ERROR;
				CLANG_WARN_DOCUMENTATION_COMMENTS = YES;
				CLANG_WARN_EMPTY_BODY = YES;
				CLANG_WARN_ENUM_CONVERSION = YES;
				CLANG_WARN_INFINITE_RECURSION = YES;
				CLANG_WARN_INT_CONVERSION = YES;
				CLANG_WARN_NON_LITERAL_NULL_CONVERSION = YES;
				CLANG_WARN_OBJC_IMPLICIT_RETAIN_SELF = YES;
				CLANG_WARN_OBJC_LITERAL_CONVERSION = YES;
				CLANG_WARN_OBJC_ROOT_CLASS = YES_ERROR;
				CLANG_WARN_QUOTED_INCLUDE_IN_FRAMEWORK_HEADER = YES;
				CLANG_WARN_RANGE_LOOP_ANALYSIS = YES;
				CLANG_WARN_STRICT_PROTOTYPES = YES;
				CLANG_WARN_SUSPICIOUS_MOVE = YES;
				CLANG_WARN_UNGUARDED_AVAILABILITY = YES_AGGRESSIVE;
				CLANG_WARN_UNREACHABLE_CODE = YES;
				CLANG_WARN__DUPLICATE_METHOD_MATCH = YES;
				COPY_PHASE_STRIP = NO;
				DEBUG_INFORMATION_FORMAT = "dwarf-with-dsym";
				ENABLE_NS_ASSERTIONS = NO;
				ENABLE_STRICT_OBJC_MSGSEND = YES;
				GCC_C_LANGUAGE_STANDARD = gnu11;
				GCC_NO_COMMON_BLOCKS = YES;
				GCC_WARN_64_TO_32_BIT_CONVERSION = YES;
				GCC_WARN_ABOUT_RETURN_TYPE = YES_ERROR;
				GCC_WARN_UNDECLARED_SELECTOR = YES;
				GCC_WARN_UNINITIALIZED_AUTOS = YES_AGGRESSIVE;
				GCC_WARN_UNUSED_FUNCTION = YES;
				GCC_WARN_UNUSED_VARIABLE = YES;
				IPHONEOS_DEPLOYMENT_TARGET = 14.5;
				MTL_ENABLE_DEBUG_INFO = NO;
				MTL_FAST_MATH = YES;
				SDKROOT = iphoneos;
				SWIFT_COMPILATION_MODE = wholemodule;
				SWIFT_OPTIMIZATION_LEVEL = "-O";
				VALIDATE_PRODUCT = YES;
			};
			name = Release;
		};
		8439CFD726C1B1D200BB2105 /* Debug */ = {
			isa = XCBuildConfiguration;
			baseConfigurationReference = 20038E06147E63E9847D5647 /* Pods-Meals-Drinks.debug.xcconfig */;
			buildSettings = {
				ASSETCATALOG_COMPILER_APPICON_NAME = AppIcon;
				ASSETCATALOG_COMPILER_GLOBAL_ACCENT_COLOR_NAME = AccentColor;
				CODE_SIGN_STYLE = Automatic;
				INFOPLIST_FILE = "Meals-Drinks/Info.plist";
				LD_RUNPATH_SEARCH_PATHS = (
					"$(inherited)",
					"@executable_path/Frameworks",
				);
				PRODUCT_BUNDLE_IDENTIFIER = "S-Pavlichuk-icloud.com.Meals-Drinks";
				PRODUCT_NAME = "$(TARGET_NAME)";
				SWIFT_VERSION = 5.0;
				TARGETED_DEVICE_FAMILY = "1,2";
			};
			name = Debug;
		};
		8439CFD826C1B1D200BB2105 /* Release */ = {
			isa = XCBuildConfiguration;
			baseConfigurationReference = 0FD74363D978B51D03C1A4D4 /* Pods-Meals-Drinks.release.xcconfig */;
			buildSettings = {
				ASSETCATALOG_COMPILER_APPICON_NAME = AppIcon;
				ASSETCATALOG_COMPILER_GLOBAL_ACCENT_COLOR_NAME = AccentColor;
				CODE_SIGN_STYLE = Automatic;
				INFOPLIST_FILE = "Meals-Drinks/Info.plist";
				LD_RUNPATH_SEARCH_PATHS = (
					"$(inherited)",
					"@executable_path/Frameworks",
				);
				PRODUCT_BUNDLE_IDENTIFIER = "S-Pavlichuk-icloud.com.Meals-Drinks";
				PRODUCT_NAME = "$(TARGET_NAME)";
				SWIFT_VERSION = 5.0;
				TARGETED_DEVICE_FAMILY = "1,2";
			};
			name = Release;
		};
/* End XCBuildConfiguration section */

/* Begin XCConfigurationList section */
		8439CFBD26C1B1D100BB2105 /* Build configuration list for PBXProject "Meals-Drinks" */ = {
			isa = XCConfigurationList;
			buildConfigurations = (
				8439CFD426C1B1D200BB2105 /* Debug */,
				8439CFD526C1B1D200BB2105 /* Release */,
			);
			defaultConfigurationIsVisible = 0;
			defaultConfigurationName = Release;
		};
		8439CFD626C1B1D200BB2105 /* Build configuration list for PBXNativeTarget "Meals-Drinks" */ = {
			isa = XCConfigurationList;
			buildConfigurations = (
				8439CFD726C1B1D200BB2105 /* Debug */,
				8439CFD826C1B1D200BB2105 /* Release */,
			);
			defaultConfigurationIsVisible = 0;
			defaultConfigurationName = Release;
		};
/* End XCConfigurationList section */
	};
	rootObject = 8439CFBA26C1B1D100BB2105 /* Project object */;
}
